github.com/dustin/go-humanize v0.0.0-20180713052910-9f541cc9db5d h1:lDrio3iIdNb0Gw9CgH7cQF+iuB5mOOjdJ9ERNJCBgb4=
github.com/dustin/go-humanize v0.0.0-20180713052910-9f541cc9db5d/go.mod h1:HtrtbFcZ19U5GC7JDqmcUSB87Iq5E25KnS6fMYU6eOk=
github.com/google/uuid v1.0.0 h1:b4Gk+7WdP/d3HZH8EJsZpvV7EtDOgaZLtnaNGIu1adA=
github.com/google/uuid v1.0.0/go.mod h1:TIyPZe4MgqvfeYDBFedMoGGpEw/LqOeaOT+nhxU+yHo=
github.com/mistifyio/go-zfs v2.1.1+incompatible h1:gAMO1HM9xBRONLHHYnu5iFsOJUiJdNZo6oqSENd4eW8=
github.com/mistifyio/go-zfs v2.1.1+incompatible/go.mod h1:8AuVvqP/mXw1px98n46wfvcGfQ4ci2FwoAjKYxuo3Z4=
github.com/mistifyio/go-zfs v2.1.2-0.20180321011823-d5b163290a48+incompatible h1:ykF7RTauaW3BBWZPcJz4dPU5aZCbi6SQiKhIl3WxdUs=
github.com/mistifyio/go-zfs v2.1.2-0.20180321011823-d5b163290a48+incompatible/go.mod h1:8AuVvqP/mXw1px98n46wfvcGfQ4ci2FwoAjKYxuo3Z4=
github.com/pborman/uuid v0.0.0-20180909234540-25cd46ecac86 h1:kX78iVDtH+/sB0tiR3mkEEsO338B2F3OwE6t5d7vQmE=
github.com/pborman/uuid v0.0.0-20180909234540-25cd46ecac86/go.mod h1:VyrYX9gd7irzKovcSS6BIIEwPRkP2Wm2m9ufcdFSJ34=
